
Microsoft Visual Studio Solution File, Format Version 12.00
# Visual Studio Version 16
VisualStudioVersion = 16.0.30523.141
MinimumVisualStudioVersion = 10.0.40219.1
Project("{9A19103F-16F7-4668-BE54-9A1E7A4F7556}") = "Anti_Corona.Web", "Anti-Corona.Web\Anti_Corona.Web.csproj", "{CDA71160-68A4-4166-AE3F-EDE04E20D9E6}"
EndProject
Project("{9A19103F-16F7-4668-BE54-9A1E7A4F7556}") = "Anti_Corona.Entity", "Anti-Corona.Entity\Anti_Corona.Entity.csproj", "{A9070FC5-A965-4516-AC6B-80850D862379}"
EndProject
Project("{9A19103F-16F7-4668-BE54-9A1E7A4F7556}") = "Anti_Corona.Business", "Anti-Corona.Business\Anti_Corona.Business.csproj", "{8E37CB8F-A862-429F-B13A-5EE77A7D920E}"
EndProject
Project("{9A19103F-16F7-4668-BE54-9A1E7A4F7556}") = "Anti_Corona.Data", "Anti-Corona.Data\Anti_Corona.Data.csproj", "{FBB58444-296B-496A-8CA1-5ED5B3724946}"
EndProject
Global
	GlobalSection(SolutionConfigurationPlatforms) = preSolution
		Debug|Any CPU = Debug|Any CPU
		Release|Any CPU = Release|Any CPU
	EndGlobalSection
	GlobalSection(ProjectConfigurationPlatforms) = postSolution
		{CDA71160-68A4-4166-AE3F-EDE04E20D9E6}.Debug|Any CPU.ActiveCfg = Debug|Any CPU
		{CDA71160-68A4-4166-AE3F-EDE04E20D9E6}.Debug|Any CPU.Build.0 = Debug|Any CPU
		{CDA71160-68A4-4166-AE3F-EDE04E20D9E6}.Release|Any CPU.ActiveCfg = Release|Any CPU
		{CDA71160-68A4-4166-AE3F-EDE04E20D9E6}.Release|Any CPU.Build.0 = Release|Any CPU
		{A9070FC5-A965-4516-AC6B-80850D862379}.Debug|Any CPU.ActiveCfg = Debug|Any CPU
		{A9070FC5-A965-4516-AC6B-80850D862379}.Debug|Any CPU.Build.0 = Debug|Any CPU
		{A9070FC5-A965-4516-AC6B-80850D862379}.Release|Any CPU.ActiveCfg = Release|Any CPU
		{A9070FC5-A965-4516-AC6B-80850D862379}.Release|Any CPU.Build.0 = Release|Any CPU
		{8E37CB8F-A862-429F-B13A-5EE77A7D920E}.Debug|Any CPU.ActiveCfg = Debug|Any CPU
		{8E37CB8F-A862-429F-B13A-5EE77A7D920E}.Debug|Any CPU.Build.0 = Debug|Any CPU
		{8E37CB8F-A862-429F-B13A-5EE77A7D920E}.Release|Any CPU.ActiveCfg = Release|Any CPU
		{8E37CB8F-A862-429F-B13A-5EE77A7D920E}.Release|Any CPU.Build.0 = Release|Any CPU
		{FBB58444-296B-496A-8CA1-5ED5B3724946}.Debug|Any CPU.ActiveCfg = Debug|Any CPU
		{FBB58444-296B-496A-8CA1-5ED5B3724946}.Debug|Any CPU.Build.0 = Debug|Any CPU
		{FBB58444-296B-496A-8CA1-5ED5B3724946}.Release|Any CPU.ActiveCfg = Release|Any CPU
		{FBB58444-296B-496A-8CA1-5ED5B3724946}.Release|Any CPU.Build.0 = Release|Any CPU
	EndGlobalSection
	GlobalSection(SolutionProperties) = preSolution
		HideSolutionNode = FALSE
	EndGlobalSection
	GlobalSection(ExtensibilityGlobals) = postSolution
		SolutionGuid = {235AFF44-9976-4715-983D-2D832CD18739}
	EndGlobalSection
EndGlobal
